
Microsoft Visual Studio Solution File, Format Version 12.00
# Visual Studio Version 16
VisualStudioVersion = 16.0.28803.156
MinimumVisualStudioVersion = 10.0.40219.1
Project("{9A19103F-16F7-4668-BE54-9A1E7A4F7556}") = "ConvertCppInclude", "src\ConvertCppInclude.csproj", "{364C5CF9-8797-4541-9E65-D7BFA5191E4F}"
EndProject
Global
	GlobalSection(SolutionConfigurationPlatforms) = preSolution
		Debug|Any CPU = Debug|Any CPU
		Release|Any CPU = Release|Any CPU
	EndGlobalSection
	GlobalSection(ProjectConfigurationPlatforms) = postSolution
		{364C5CF9-8797-4541-9E65-D7BFA5191E4F}.Debug|Any CPU.ActiveCfg = Debug|Any CPU
		{364C5CF9-8797-4541-9E65-D7BFA5191E4F}.Debug|Any CPU.Build.0 = Debug|Any CPU
		{364C5CF9-8797-4541-9E65-D7BFA5191E4F}.Release|Any CPU.ActiveCfg = Release|Any CPU
		{364C5CF9-8797-4541-9E65-D7BFA5191E4F}.Release|Any CPU.Build.0 = Release|Any CPU
	EndGlobalSection
	GlobalSection(SolutionProperties) = preSolution
		HideSolutionNode = FALSE
	EndGlobalSection
	GlobalSection(ExtensibilityGlobals) = postSolution
		SolutionGuid = {CC697396-40B7-40A0-826F-9E9063A02923}
	EndGlobalSection
EndGlobal
